
Microsoft Visual Studio Solution File, Format Version 12.00
# Visual Studio Version 17
VisualStudioVersion = 17.7.34031.279
MinimumVisualStudioVersion = 10.0.40219.1
Project("{6989167D-11E4-40FE-8C1A-2192A86A7E90}") = "silam_v5_9", "silam_v5_9.vfproj", "{B4E65FC4-4B53-4F64-B3D8-98E8746D54E6}"
EndProject
Global
	GlobalSection(SolutionConfigurationPlatforms) = preSolution
		debug_try|Any CPU = debug_try|Any CPU
		debug_try|Win32 = debug_try|Win32
		debug_try|x64 = debug_try|x64
		debug_try|x86 = debug_try|x86
		Debug|Any CPU = Debug|Any CPU
		Debug|Win32 = Debug|Win32
		Debug|x64 = Debug|x64
		Debug|x86 = Debug|x86
		Release_2|Any CPU = Release_2|Any CPU
		Release_2|Win32 = Release_2|Win32
		Release_2|x64 = Release_2|x64
		Release_2|x86 = Release_2|x86
		Release_3|Any CPU = Release_3|Any CPU
		Release_3|Win32 = Release_3|Win32
		Release_3|x64 = Release_3|x64
		Release_3|x86 = Release_3|x86
		Release|Any CPU = Release|Any CPU
		Release|Win32 = Release|Win32
		Release|x64 = Release|x64
		Release|x86 = Release|x86
	EndGlobalSection
	GlobalSection(ProjectConfigurationPlatforms) = postSolution
		{B4E65FC4-4B53-4F64-B3D8-98E8746D54E6}.debug_try|Any CPU.ActiveCfg = debug_try|Win32
		{B4E65FC4-4B53-4F64-B3D8-98E8746D54E6}.debug_try|Win32.ActiveCfg = debug_try|Win32
		{B4E65FC4-4B53-4F64-B3D8-98E8746D54E6}.debug_try|Win32.Build.0 = debug_try|Win32
		{B4E65FC4-4B53-4F64-B3D8-98E8746D54E6}.debug_try|x64.ActiveCfg = debug_try|x64
		{B4E65FC4-4B53-4F64-B3D8-98E8746D54E6}.debug_try|x64.Build.0 = debug_try|x64
		{B4E65FC4-4B53-4F64-B3D8-98E8746D54E6}.debug_try|x86.ActiveCfg = debug_try|Win32
		{B4E65FC4-4B53-4F64-B3D8-98E8746D54E6}.debug_try|x86.Build.0 = debug_try|Win32
		{B4E65FC4-4B53-4F64-B3D8-98E8746D54E6}.Debug|Any CPU.ActiveCfg = Debug|Win32
		{B4E65FC4-4B53-4F64-B3D8-98E8746D54E6}.Debug|Win32.ActiveCfg = Debug|x64
		{B4E65FC4-4B53-4F64-B3D8-98E8746D54E6}.Debug|Win32.Build.0 = Debug|x64
		{B4E65FC4-4B53-4F64-B3D8-98E8746D54E6}.Debug|x64.ActiveCfg = Debug|x64
		{B4E65FC4-4B53-4F64-B3D8-98E8746D54E6}.Debug|x64.Build.0 = Debug|x64
		{B4E65FC4-4B53-4F64-B3D8-98E8746D54E6}.Debug|x86.ActiveCfg = Debug|Win32
		{B4E65FC4-4B53-4F64-B3D8-98E8746D54E6}.Debug|x86.Build.0 = Debug|Win32
		{B4E65FC4-4B53-4F64-B3D8-98E8746D54E6}.Release_2|Any CPU.ActiveCfg = Release_2|Win32
		{B4E65FC4-4B53-4F64-B3D8-98E8746D54E6}.Release_2|Win32.ActiveCfg = Release_2|Win32
		{B4E65FC4-4B53-4F64-B3D8-98E8746D54E6}.Release_2|Win32.Build.0 = Release_2|Win32
		{B4E65FC4-4B53-4F64-B3D8-98E8746D54E6}.Release_2|x64.ActiveCfg = Release_3|x64
		{B4E65FC4-4B53-4F64-B3D8-98E8746D54E6}.Release_2|x64.Build.0 = Release_3|x64
		{B4E65FC4-4B53-4F64-B3D8-98E8746D54E6}.Release_2|x86.ActiveCfg = Release_2|Win32
		{B4E65FC4-4B53-4F64-B3D8-98E8746D54E6}.Release_2|x86.Build.0 = Release_2|Win32
		{B4E65FC4-4B53-4F64-B3D8-98E8746D54E6}.Release_3|Any CPU.ActiveCfg = Release_3|Win32
		{B4E65FC4-4B53-4F64-B3D8-98E8746D54E6}.Release_3|Win32.ActiveCfg = Release_3|Win32
		{B4E65FC4-4B53-4F64-B3D8-98E8746D54E6}.Release_3|Win32.Build.0 = Release_3|Win32
		{B4E65FC4-4B53-4F64-B3D8-98E8746D54E6}.Release_3|x64.ActiveCfg = Release_3|x64
		{B4E65FC4-4B53-4F64-B3D8-98E8746D54E6}.Release_3|x64.Build.0 = Release_3|x64
		{B4E65FC4-4B53-4F64-B3D8-98E8746D54E6}.Release_3|x86.ActiveCfg = Release_3|Win32
		{B4E65FC4-4B53-4F64-B3D8-98E8746D54E6}.Release_3|x86.Build.0 = Release_3|Win32
		{B4E65FC4-4B53-4F64-B3D8-98E8746D54E6}.Release|Any CPU.ActiveCfg = Release|Win32
		{B4E65FC4-4B53-4F64-B3D8-98E8746D54E6}.Release|Win32.ActiveCfg = Release|Win32
		{B4E65FC4-4B53-4F64-B3D8-98E8746D54E6}.Release|Win32.Build.0 = Release|Win32
		{B4E65FC4-4B53-4F64-B3D8-98E8746D54E6}.Release|x64.ActiveCfg = Release|x64
		{B4E65FC4-4B53-4F64-B3D8-98E8746D54E6}.Release|x64.Build.0 = Release|x64
		{B4E65FC4-4B53-4F64-B3D8-98E8746D54E6}.Release|x86.ActiveCfg = Release|Win32
		{B4E65FC4-4B53-4F64-B3D8-98E8746D54E6}.Release|x86.Build.0 = Release|Win32
	EndGlobalSection
	GlobalSection(SolutionProperties) = preSolution
		HideSolutionNode = FALSE
	EndGlobalSection
	GlobalSection(ExtensibilityGlobals) = postSolution
		SolutionGuid = {9739E472-0B68-4B4F-A86B-068B2DFE9420}
	EndGlobalSection
EndGlobal
